{
  "name": "@deanacus/getenv",
  "version": "0.0.1",
  "lockfileVersion": 2,
  "requires": true,
  "packages": {
    "": {
      "name": "@deanacus/getenv",
      "version": "0.0.1",
      "license": "MIT",
      "dependencies": {
        "dotenv": "^16.0.1"
      },
      "devDependencies": {
        "@deanacus/prettier-config": "^0.1.1",
        "@deanacus/tsconfig": "^0.1.0",
        "@types/node": "^18.7.6",
        "prettier": "^2.7.1",
        "typescript": "^4.7.4"
      }
    },
    "node_modules/@deanacus/prettier-config": {
      "version": "0.1.1",
      "resolved": "https://registry.npmjs.org/@deanacus/prettier-config/-/prettier-config-0.1.1.tgz",
      "integrity": "sha512-Numuuu3mF6fDzootOkYGMDnnQZ4EWDIRIrJz5ttqeibP508QrE9ZxhdkSMwo6zJrj08juKYwtuHRmOFI8Stspg==",
      "dev": true,
      "peerDependencies": {
        "prettier": "^2.5.1"
      }
    },
    "node_modules/@deanacus/tsconfig": {
      "version": "0.1.0",
      "resolved": "https://registry.npmjs.org/@deanacus/tsconfig/-/tsconfig-0.1.0.tgz",
      "integrity": "sha512-5B3po5hYnbppU1kaWl5r4YkK278rUNfWgqd3BJF0DqHwG/FjEcXz+lj5I/Bjlb2BJjLKf7h8lMlqXAl8x/0JBQ==",
      "dev": true,
      "peerDependencies": {
        "typescript": ">=4.1.5"
      }
    },
    "node_modules/@types/node": {
      "version": "18.7.6",
      "resolved": "https://registry.npmjs.org/@types/node/-/node-18.7.6.tgz",
      "integrity": "sha512-EdxgKRXgYsNITy5mjjXjVE/CS8YENSdhiagGrLqjG0pvA2owgJ6i4l7wy/PFZGC0B1/H20lWKN7ONVDNYDZm7A==",
      "dev": true
    },
    "node_modules/dotenv": {
      "version": "16.0.1",
      "resolved": "https://registry.npmjs.org/dotenv/-/dotenv-16.0.1.tgz",
      "integrity": "sha512-1K6hR6wtk2FviQ4kEiSjFiH5rpzEVi8WW0x96aztHVMhEspNpc4DVOUTEHtEva5VThQ8IaBX1Pe4gSzpVVUsKQ==",
      "engines": {
        "node": ">=12"
      }
    },
    "node_modules/prettier": {
      "version": "2.7.1",
      "resolved": "https://registry.npmjs.org/prettier/-/prettier-2.7.1.tgz",
      "integrity": "sha512-ujppO+MkdPqoVINuDFDRLClm7D78qbDt0/NR+wp5FqEZOoTNAjPHWj17QRhu7geIHJfcNhRk1XVQmF8Bp3ye+g==",
      "dev": true,
      "bin": {
        "prettier": "bin-prettier.js"
      },
      "engines": {
        "node": ">=10.13.0"
      },
      "funding": {
        "url": "https://github.com/prettier/prettier?sponsor=1"
      }
    },
    "node_modules/typescript": {
      "version": "4.7.4",
      "resolved": "https://registry.npmjs.org/typescript/-/typescript-4.7.4.tgz",
      "integrity": "sha512-C0WQT0gezHuw6AdY1M2jxUO83Rjf0HP7Sk1DtXj6j1EwkQNZrHAg2XPWlq62oqEhYvONq5pkC2Y9oPljWToLmQ==",
      "dev": true,
      "bin": {
        "tsc": "bin/tsc",
        "tsserver": "bin/tsserver"
      },
      "engines": {
        "node": ">=4.2.0"
      }
    }
  },
  "dependencies": {
    "@deanacus/prettier-config": {
      "version": "0.1.1",
      "resolved": "https://registry.npmjs.org/@deanacus/prettier-config/-/prettier-config-0.1.1.tgz",
      "integrity": "sha512-Numuuu3mF6fDzootOkYGMDnnQZ4EWDIRIrJz5ttqeibP508QrE9ZxhdkSMwo6zJrj08juKYwtuHRmOFI8Stspg==",
      "dev": true,
      "requires": {}
    },
    "@deanacus/tsconfig": {
      "version": "0.1.0",
      "resolved": "https://registry.npmjs.org/@deanacus/tsconfig/-/tsconfig-0.1.0.tgz",
      "integrity": "sha512-5B3po5hYnbppU1kaWl5r4YkK278rUNfWgqd3BJF0DqHwG/FjEcXz+lj5I/Bjlb2BJjLKf7h8lMlqXAl8x/0JBQ==",
      "dev": true,
      "requires": {}
    },
    "@types/node": {
      "version": "18.7.6",
      "resolved": "https://registry.npmjs.org/@types/node/-/node-18.7.6.tgz",
      "integrity": "sha512-EdxgKRXgYsNITy5mjjXjVE/CS8YENSdhiagGrLqjG0pvA2owgJ6i4l7wy/PFZGC0B1/H20lWKN7ONVDNYDZm7A==",
      "dev": true
    },
    "dotenv": {
      "version": "16.0.1",
      "resolved": "https://registry.npmjs.org/dotenv/-/dotenv-16.0.1.tgz",
      "integrity": "sha512-1K6hR6wtk2FviQ4kEiSjFiH5rpzEVi8WW0x96aztHVMhEspNpc4DVOUTEHtEva5VThQ8IaBX1Pe4gSzpVVUsKQ=="
    },
    "prettier": {
      "version": "2.7.1",
      "resolved": "https://registry.npmjs.org/prettier/-/prettier-2.7.1.tgz",
      "integrity": "sha512-ujppO+MkdPqoVINuDFDRLClm7D78qbDt0/NR+wp5FqEZOoTNAjPHWj17QRhu7geIHJfcNhRk1XVQmF8Bp3ye+g==",
      "dev": true
    },
    "typescript": {
      "version": "4.7.4",
      "resolved": "https://registry.npmjs.org/typescript/-/typescript-4.7.4.tgz",
      "integrity": "sha512-C0WQT0gezHuw6AdY1M2jxUO83Rjf0HP7Sk1DtXj6j1EwkQNZrHAg2XPWlq62oqEhYvONq5pkC2Y9oPljWToLmQ==",
      "dev": true
    }
  }
}
